
Microsoft Visual Studio Solution File, Format Version 12.00
# Visual Studio Version 16
VisualStudioVersion = 16.0.31313.79
MinimumVisualStudioVersion = 10.0.40219.1
Project("{FAE04EC0-301F-11D3-BF4B-00C04F79EFBC}") = "Crayon_Kids", "Crayon_Kids.csproj", "{6A151A6C-6E3D-4F44-9D74-568C1CE4F4DB}"
EndProject
Global
	GlobalSection(SolutionConfigurationPlatforms) = preSolution
		Debug|Any CPU = Debug|Any CPU
		Release|Any CPU = Release|Any CPU
	EndGlobalSection
	GlobalSection(ProjectConfigurationPlatforms) = postSolution
		{6A151A6C-6E3D-4F44-9D74-568C1CE4F4DB}.Debug|Any CPU.ActiveCfg = Debug|Any CPU
		{6A151A6C-6E3D-4F44-9D74-568C1CE4F4DB}.Debug|Any CPU.Build.0 = Debug|Any CPU
		{6A151A6C-6E3D-4F44-9D74-568C1CE4F4DB}.Release|Any CPU.ActiveCfg = Release|Any CPU
		{6A151A6C-6E3D-4F44-9D74-568C1CE4F4DB}.Release|Any CPU.Build.0 = Release|Any CPU
	EndGlobalSection
	GlobalSection(SolutionProperties) = preSolution
		HideSolutionNode = FALSE
	EndGlobalSection
	GlobalSection(ExtensibilityGlobals) = postSolution
		SolutionGuid = {73A184A8-C609-4B3A-8BE2-E52515CAFF7E}
	EndGlobalSection
EndGlobal
